
Microsoft Visual Studio Solution File, Format Version 12.00
Project("{FAE04EC0-301F-11D3-BF4B-00C04F79EFBC}") = "Server", "Server\Server.csproj", "{AC3822DB-5A8A-4521-8263-AB38D6F5A264}"
EndProject
Project("{FAE04EC0-301F-11D3-BF4B-00C04F79EFBC}") = "Game", "Game\Game.csproj", "{3520EDD3-DDD3-4EA9-B9BC-C5B094C33B64}"
EndProject
Global
	GlobalSection(SolutionConfigurationPlatforms) = preSolution
		Debug|Any CPU = Debug|Any CPU
		Release|Any CPU = Release|Any CPU
	EndGlobalSection
	GlobalSection(ProjectConfigurationPlatforms) = postSolution
		{AC3822DB-5A8A-4521-8263-AB38D6F5A264}.Debug|Any CPU.ActiveCfg = Debug|Any CPU
		{AC3822DB-5A8A-4521-8263-AB38D6F5A264}.Debug|Any CPU.Build.0 = Debug|Any CPU
		{AC3822DB-5A8A-4521-8263-AB38D6F5A264}.Release|Any CPU.ActiveCfg = Release|Any CPU
		{AC3822DB-5A8A-4521-8263-AB38D6F5A264}.Release|Any CPU.Build.0 = Release|Any CPU
		{3520EDD3-DDD3-4EA9-B9BC-C5B094C33B64}.Debug|Any CPU.ActiveCfg = Debug|Any CPU
		{3520EDD3-DDD3-4EA9-B9BC-C5B094C33B64}.Debug|Any CPU.Build.0 = Debug|Any CPU
		{3520EDD3-DDD3-4EA9-B9BC-C5B094C33B64}.Release|Any CPU.ActiveCfg = Release|Any CPU
		{3520EDD3-DDD3-4EA9-B9BC-C5B094C33B64}.Release|Any CPU.Build.0 = Release|Any CPU
	EndGlobalSection
EndGlobal
